
Microsoft Visual Studio Solution File, Format Version 12.00
# Visual Studio Version 17
VisualStudioVersion = 17.8.34330.188
MinimumVisualStudioVersion = 10.0.40219.1
Project("{FAE04EC0-301F-11D3-BF4B-00C04F79EFBC}") = "NaturalNumsLib", "NaturalNumsLib.csproj", "{525B98E0-BFE4-4F42-BC15-B9F653076459}"
EndProject
Project("{FAE04EC0-301F-11D3-BF4B-00C04F79EFBC}") = "GrdConsole", "..\GrdConsole\GrdConsole.csproj", "{724E59E2-F26D-4ADD-91DF-00E5A367C168}"
EndProject
Project("{FAE04EC0-301F-11D3-BF4B-00C04F79EFBC}") = "NaturalNumsTests", "..\NaturalNumsTests\NaturalNumsTests.csproj", "{BEE22B12-B244-4016-960A-EC48FD233DA2}"
EndProject
Global
	GlobalSection(SolutionConfigurationPlatforms) = preSolution
		Debug|Any CPU = Debug|Any CPU
		Release|Any CPU = Release|Any CPU
	EndGlobalSection
	GlobalSection(ProjectConfigurationPlatforms) = postSolution
		{525B98E0-BFE4-4F42-BC15-B9F653076459}.Debug|Any CPU.ActiveCfg = Debug|Any CPU
		{525B98E0-BFE4-4F42-BC15-B9F653076459}.Debug|Any CPU.Build.0 = Debug|Any CPU
		{525B98E0-BFE4-4F42-BC15-B9F653076459}.Release|Any CPU.ActiveCfg = Release|Any CPU
		{525B98E0-BFE4-4F42-BC15-B9F653076459}.Release|Any CPU.Build.0 = Release|Any CPU
		{724E59E2-F26D-4ADD-91DF-00E5A367C168}.Debug|Any CPU.ActiveCfg = Debug|Any CPU
		{724E59E2-F26D-4ADD-91DF-00E5A367C168}.Debug|Any CPU.Build.0 = Debug|Any CPU
		{724E59E2-F26D-4ADD-91DF-00E5A367C168}.Release|Any CPU.ActiveCfg = Release|Any CPU
		{724E59E2-F26D-4ADD-91DF-00E5A367C168}.Release|Any CPU.Build.0 = Release|Any CPU
		{BEE22B12-B244-4016-960A-EC48FD233DA2}.Debug|Any CPU.ActiveCfg = Debug|Any CPU
		{BEE22B12-B244-4016-960A-EC48FD233DA2}.Debug|Any CPU.Build.0 = Debug|Any CPU
		{BEE22B12-B244-4016-960A-EC48FD233DA2}.Release|Any CPU.ActiveCfg = Release|Any CPU
		{BEE22B12-B244-4016-960A-EC48FD233DA2}.Release|Any CPU.Build.0 = Release|Any CPU
	EndGlobalSection
	GlobalSection(SolutionProperties) = preSolution
		HideSolutionNode = FALSE
	EndGlobalSection
	GlobalSection(ExtensibilityGlobals) = postSolution
		SolutionGuid = {B2E88AB2-9B3C-4A32-8F02-B082586439C4}
	EndGlobalSection
EndGlobal
